<Solution>
  <Project Path="Todo.formview/Todo.formview.csproj" Id="ba0b193a-b7e4-4d1a-8b38-98ed1c975e13" />
  <Project Path="Todo.model/Todo.model.csproj" Id="616327cc-f6e6-4852-ba0f-576bfa183647" />
  <Project Path="Todo.presenter/Todo.presenter.csproj" Id="e9340ef9-b601-4034-97a8-5c06e4ae3c3c" />
  <Project Path="Todo.testing/Todo.testing.csproj" Id="3a86c200-5c4c-4e59-8a07-08b2bcb7770b" />
  <Project Path="Todo.view/Todo.view.csproj" Id="04a93e25-d989-40b8-9295-dafcb1208fe3" />
</Solution>
